// !$*UTF8*$!
{
	archiveVersion = 1;
	classes = {
	};
	objectVersion = 46;
	objects = {

/* Begin PBXBuildFile section */
		7B2548DC1ADAC8E1001ED5DF /* main.c in Sources */ = {isa = PBXBuildFile; fileRef = 7B2548DB1ADAC8E1001ED5DF /* main.c */; };
/* End PBXBuildFile section */

/* Begin PBXFileReference section */
		7B2548D41ADAC8CA001ED5DF /* libhello_santa_bye_santa.dylib */ = {isa = PBXFileReference; explicitFileType = "compiled.mach-o.dylib"; includeInIndex = 0; path = libhello_santa_bye_santa.dylib; sourceTree = BUILT_PRODUCTS_DIR; };
		7B2548DB1ADAC8E1001ED5DF /* main.c */ = {isa = PBXFileReference; fileEncoding = 4; lastKnownFileType = sourcecode.c.c; path = main.c; sourceTree = "<group>"; };
/* End PBXFileReference section */

/* Begin PBXFrameworksBuildPhase section */
		7B2548D11ADAC8CA001ED5DF /* Frameworks */ = {
			isa = PBXFrameworksBuildPhase;
			buildActionMask = 2147483647;
			files = (
			);
			runOnlyForDeploymentPostprocessing = 0;
		};
/* End PBXFrameworksBuildPhase section */

/* Begin PBXGroup section */
		7B2548CB1ADAC8CA001ED5DF = {
			isa = PBXGroup;
			children = (
				7B2548DB1ADAC8E1001ED5DF /* main.c */,
				7B2548D51ADAC8CA001ED5DF /* Products */,
			);
			sourceTree = "<group>";
		};
		7B2548D51ADAC8CA001ED5DF /* Products */ = {
			isa = PBXGroup;
			children = (
				7B2548D41ADAC8CA001ED5DF /* libhello_santa_bye_santa.dylib */,
			);
			name = Products;
			sourceTree = "<group>";
		};
/* End PBXGroup section */

/* Begin PBXHeadersBuildPhase section */
		7B2548D21ADAC8CA001ED5DF /* Headers */ = {
			isa = PBXHeadersBuildPhase;
			buildActionMask = 2147483647;
			files = (
			);
			runOnlyForDeploymentPostprocessing = 0;
		};
/* End PBXHeadersBuildPhase section */

/* Begin PBXNativeTarget section */
		7B2548D31ADAC8CA001ED5DF /* hello_santa_bye_santa */ = {
			isa = PBXNativeTarget;
			buildConfigurationList = 7B2548D81ADAC8CA001ED5DF /* Build configuration list for PBXNativeTarget "hello_santa_bye_santa" */;
			buildPhases = (
				7B2548D01ADAC8CA001ED5DF /* Sources */,
				7B2548D11ADAC8CA001ED5DF /* Frameworks */,
				7B2548D21ADAC8CA001ED5DF /* Headers */,
			);
			buildRules = (
			);
			dependencies = (
			);
			name = hello_santa_bye_santa;
			productName = hello_santa_bye_santa;
			productReference = 7B2548D41ADAC8CA001ED5DF /* libhello_santa_bye_santa.dylib */;
			productType = "com.apple.product-type.library.dynamic";
		};
/* End PBXNativeTarget section */

/* Begin PBXProject section */
		7B2548CC1ADAC8CA001ED5DF /* Project object */ = {
			isa = PBXProject;
			attributes = {
				LastUpgradeCheck = 0620;
				ORGANIZATIONNAME = Put.as;
				TargetAttributes = {
					7B2548D31ADAC8CA001ED5DF = {
						CreatedOnToolsVersion = 6.2;
					};
				};
			};
			buildConfigurationList = 7B2548CF1ADAC8CA001ED5DF /* Build configuration list for PBXProject "hello_santa_bye_santa" */;
			compatibilityVersion = "Xcode 3.2";
			developmentRegion = English;
			hasScannedForEncodings = 0;
			knownRegions = (
				en,
			);
			mainGroup = 7B2548CB1ADAC8CA001ED5DF;
			productRefGroup = 7B2548D51ADAC8CA001ED5DF /* Products */;
			projectDirPath = "";
			projectRoot = "";
			targets = (
				7B2548D31ADAC8CA001ED5DF /* hello_santa_bye_santa */,
			);
		};
/* End PBXProject section */

/* Begin PBXSourcesBuildPhase section */
		7B2548D01ADAC8CA001ED5DF /* Sources */ = {
			isa = PBXSourcesBuildPhase;
			buildActionMask = 2147483647;
			files = (
				7B2548DC1ADAC8E1001ED5DF /* main.c in Sources */,
			);
			runOnlyForDeploymentPostprocessing = 0;
		};
/* End PBXSourcesBuildPhase section */

/* Begin XCBuildConfiguration section */
		7B2548D61ADAC8CA001ED5DF /* Debug */ = {
			isa = XCBuildConfiguration;
			buildSettings = {
				ALWAYS_SEARCH_USER_PATHS = NO;
				CLANG_CXX_LANGUAGE_STANDARD = "gnu++0x";
				CLANG_CXX_LIBRARY = "libc++";
				CLANG_ENABLE_MODULES = YES;
				CLANG_ENABLE_OBJC_ARC = YES;
				CLANG_WARN_BOOL_CONVERSION = YES;
				CLANG_WARN_CONSTANT_CONVERSION = YES;
				CLANG_WARN_DIRECT_OBJC_ISA_USAGE = YES_ERROR;
				CLANG_WARN_EMPTY_BODY = YES;
				CLANG_WARN_ENUM_CONVERSION = YES;
				CLANG_WARN_INT_CONVERSION = YES;
				CLANG_WARN_OBJC_ROOT_CLASS = YES_ERROR;
				CLANG_WARN_UNREACHABLE_CODE = YES;
				CLANG_WARN__DUPLICATE_METHOD_MATCH = YES;
				COPY_PHASE_STRIP = NO;
				ENABLE_STRICT_OBJC_MSGSEND = YES;
				GCC_C_LANGUAGE_STANDARD = gnu99;
				GCC_DYNAMIC_NO_PIC = NO;
				GCC_OPTIMIZATION_LEVEL = 0;
				GCC_PREPROCESSOR_DEFINITIONS = (
					"DEBUG=1",
					"$(inherited)",
				);
				GCC_SYMBOLS_PRIVATE_EXTERN = NO;
				GCC_WARN_64_TO_32_BIT_CONVERSION = YES;
				GCC_WARN_ABOUT_RETURN_TYPE = YES_ERROR;
				GCC_WARN_UNDECLARED_SELECTOR = YES;
				GCC_WARN_UNINITIALIZED_AUTOS = YES_AGGRESSIVE;
				GCC_WARN_UNUSED_FUNCTION = YES;
				GCC_WARN_UNUSED_VARIABLE = YES;
				MACOSX_DEPLOYMENT_TARGET = 10.9;
				MTL_ENABLE_DEBUG_INFO = YES;
				ONLY_ACTIVE_ARCH = YES;
				SDKROOT = macosx;
			};
			name = Debug;
		};
		7B2548D71ADAC8CA001ED5DF /* Release */ = {
			isa = XCBuildConfiguration;
			buildSettings = {
				ALWAYS_SEARCH_USER_PATHS = NO;
				CLANG_CXX_LANGUAGE_STANDARD = "gnu++0x";
				CLANG_CXX_LIBRARY = "libc++";
				CLANG_ENABLE_MODULES = YES;
				CLANG_ENABLE_OBJC_ARC = YES;
				CLANG_WARN_BOOL_CONVERSION = YES;
				CLANG_WARN_CONSTANT_CONVERSION = YES;
				CLANG_WARN_DIRECT_OBJC_ISA_USAGE = YES_ERROR;
				CLANG_WARN_EMPTY_BODY = YES;
				CLANG_WARN_ENUM_CONVERSION = YES;
				CLANG_WARN_INT_CONVERSION = YES;
				CLANG_WARN_OBJC_ROOT_CLASS = YES_ERROR;
				CLANG_WARN_UNREACHABLE_CODE = YES;
				CLANG_WARN__DUPLICATE_METHOD_MATCH = YES;
				COPY_PHASE_STRIP = NO;
				DEBUG_INFORMATION_FORMAT = "dwarf-with-dsym";
				ENABLE_NS_ASSERTIONS = NO;
				ENABLE_STRICT_OBJC_MSGSEND = YES;
				GCC_C_LANGUAGE_STANDARD = gnu99;
				GCC_WARN_64_TO_32_BIT_CONVERSION = YES;
				GCC_WARN_ABOUT_RETURN_TYPE = YES_ERROR;
				GCC_WARN_UNDECLARED_SELECTOR = YES;
				GCC_WARN_UNINITIALIZED_AUTOS = YES_AGGRESSIVE;
				GCC_WARN_UNUSED_FUNCTION = YES;
				GCC_WARN_UNUSED_VARIABLE = YES;
				MACOSX_DEPLOYMENT_TARGET = 10.9;
				MTL_ENABLE_DEBUG_INFO = NO;
				SDKROOT = macosx;
			};
			name = Release;
		};
		7B2548D91ADAC8CA001ED5DF /* Debug */ = {
			isa = XCBuildConfiguration;
			buildSettings = {
				DYLIB_COMPATIBILITY_VERSION = 1;
				DYLIB_CURRENT_VERSION = 1;
				EXECUTABLE_PREFIX = lib;
				PRODUCT_NAME = "$(TARGET_NAME)";
			};
			name = Debug;
		};
		7B2548DA1ADAC8CA001ED5DF /* Release */ = {
			isa = XCBuildConfiguration;
			buildSettings = {
				DYLIB_COMPATIBILITY_VERSION = 1;
				DYLIB_CURRENT_VERSION = 1;
				EXECUTABLE_PREFIX = lib;
				PRODUCT_NAME = "$(TARGET_NAME)";
			};
			name = Release;
		};
/* End XCBuildConfiguration section */

/* Begin XCConfigurationList section */
		7B2548CF1ADAC8CA001ED5DF /* Build configuration list for PBXProject "hello_santa_bye_santa" */ = {
			isa = XCConfigurationList;
			buildConfigurations = (
				7B2548D61ADAC8CA001ED5DF /* Debug */,
				7B2548D71ADAC8CA001ED5DF /* Release */,
			);
			defaultConfigurationIsVisible = 0;
			defaultConfigurationName = Release;
		};
		7B2548D81ADAC8CA001ED5DF /* Build configuration list for PBXNativeTarget "hello_santa_bye_santa" */ = {
			isa = XCConfigurationList;
			buildConfigurations = (
				7B2548D91ADAC8CA001ED5DF /* Debug */,
				7B2548DA1ADAC8CA001ED5DF /* Release */,
			);
			defaultConfigurationIsVisible = 0;
		};
/* End XCConfigurationList section */
	};
	rootObject = 7B2548CC1ADAC8CA001ED5DF /* Project object */;
}
